
Microsoft Visual Studio Solution File, Format Version 12.00
# Visual Studio 15
VisualStudioVersion = 15.0.27130.2010
MinimumVisualStudioVersion = 10.0.40219.1
Project("{FAE04EC0-301F-11D3-BF4B-00C04F79EFBC}") = "AsynchronousProgramming.DotnetCore.ConsonleApp", "AsynchronousProgramming.DotnetCore.ConsonleApp\AsynchronousProgramming.DotnetCore.ConsonleApp.csproj", "{D6BD8B5D-534A-4C98-8156-67B935E3D88D}"
EndProject
Project("{FAE04EC0-301F-11D3-BF4B-00C04F79EFBC}") = "AsynchronousProgramming.Dotnet.ConsonleApp", "AsynchronousProgramming.Dotnet.ConsonleApp\AsynchronousProgramming.Dotnet.ConsonleApp.csproj", "{34A5B722-13FF-419E-9A68-BC13C6EEEFEA}"
EndProject
Project("{FAE04EC0-301F-11D3-BF4B-00C04F79EFBC}") = "AsynchronousProgramming.Standard.Library", "AsynchronousProgramming.Standard.Library\AsynchronousProgramming.Standard.Library.csproj", "{880C4DE6-E8C0-46D1-A0CE-A73F0DF870E3}"
EndProject
Global
	GlobalSection(SolutionConfigurationPlatforms) = preSolution
		Debug|Any CPU = Debug|Any CPU
		Release|Any CPU = Release|Any CPU
	EndGlobalSection
	GlobalSection(ProjectConfigurationPlatforms) = postSolution
		{D6BD8B5D-534A-4C98-8156-67B935E3D88D}.Debug|Any CPU.ActiveCfg = Debug|Any CPU
		{D6BD8B5D-534A-4C98-8156-67B935E3D88D}.Debug|Any CPU.Build.0 = Debug|Any CPU
		{D6BD8B5D-534A-4C98-8156-67B935E3D88D}.Release|Any CPU.ActiveCfg = Release|Any CPU
		{D6BD8B5D-534A-4C98-8156-67B935E3D88D}.Release|Any CPU.Build.0 = Release|Any CPU
		{34A5B722-13FF-419E-9A68-BC13C6EEEFEA}.Debug|Any CPU.ActiveCfg = Debug|Any CPU
		{34A5B722-13FF-419E-9A68-BC13C6EEEFEA}.Debug|Any CPU.Build.0 = Debug|Any CPU
		{34A5B722-13FF-419E-9A68-BC13C6EEEFEA}.Release|Any CPU.ActiveCfg = Release|Any CPU
		{34A5B722-13FF-419E-9A68-BC13C6EEEFEA}.Release|Any CPU.Build.0 = Release|Any CPU
		{880C4DE6-E8C0-46D1-A0CE-A73F0DF870E3}.Debug|Any CPU.ActiveCfg = Debug|Any CPU
		{880C4DE6-E8C0-46D1-A0CE-A73F0DF870E3}.Debug|Any CPU.Build.0 = Debug|Any CPU
		{880C4DE6-E8C0-46D1-A0CE-A73F0DF870E3}.Release|Any CPU.ActiveCfg = Release|Any CPU
		{880C4DE6-E8C0-46D1-A0CE-A73F0DF870E3}.Release|Any CPU.Build.0 = Release|Any CPU
	EndGlobalSection
	GlobalSection(SolutionProperties) = preSolution
		HideSolutionNode = FALSE
	EndGlobalSection
	GlobalSection(ExtensibilityGlobals) = postSolution
		SolutionGuid = {1C12E3C9-BCF0-47D8-88CE-8F3BEFDBA41D}
	EndGlobalSection
EndGlobal
