
Microsoft Visual Studio Solution File, Format Version 12.00
# Visual Studio 15
VisualStudioVersion = 15.0.27130.2010
MinimumVisualStudioVersion = 10.0.40219.1
Project("{FAE04EC0-301F-11D3-BF4B-00C04F79EFBC}") = "AsynchronousProgramming", "AsynchronousProgramming\AsynchronousProgramming.csproj", "{3148C8EC-2DB4-4E43-ACDC-99AC0F2D435F}"
EndProject
Global
	GlobalSection(SolutionConfigurationPlatforms) = preSolution
		Debug|Any CPU = Debug|Any CPU
		Release|Any CPU = Release|Any CPU
	EndGlobalSection
	GlobalSection(ProjectConfigurationPlatforms) = postSolution
		{3148C8EC-2DB4-4E43-ACDC-99AC0F2D435F}.Debug|Any CPU.ActiveCfg = Debug|Any CPU
		{3148C8EC-2DB4-4E43-ACDC-99AC0F2D435F}.Debug|Any CPU.Build.0 = Debug|Any CPU
		{3148C8EC-2DB4-4E43-ACDC-99AC0F2D435F}.Release|Any CPU.ActiveCfg = Release|Any CPU
		{3148C8EC-2DB4-4E43-ACDC-99AC0F2D435F}.Release|Any CPU.Build.0 = Release|Any CPU
	EndGlobalSection
	GlobalSection(SolutionProperties) = preSolution
		HideSolutionNode = FALSE
	EndGlobalSection
	GlobalSection(ExtensibilityGlobals) = postSolution
		SolutionGuid = {1C12E3C9-BCF0-47D8-88CE-8F3BEFDBA41D}
	EndGlobalSection
EndGlobal
